
Microsoft Visual Studio Solution File, Format Version 12.00
# Visual Studio Version 16
VisualStudioVersion = 16.0.28922.388
MinimumVisualStudioVersion = 10.0.40219.1
Project("{9A19103F-16F7-4668-BE54-9A1E7A4F7556}") = "WebApiJwt", "WebApiJwt-master\WebApiJwt.csproj", "{2985574C-9BB5-4742-80E9-94DBF3240AF6}"
EndProject
Project("{FAE04EC0-301F-11D3-BF4B-00C04F79EFBC}") = "SAPTest", "SAPTest\SAPTest.csproj", "{0B1AFB95-4D80-47A8-A439-2A572EF074D9}"
EndProject
Project("{9A19103F-16F7-4668-BE54-9A1E7A4F7556}") = "ConsoleApp1", "ConsoleApp1\ConsoleApp1.csproj", "{B5BBE665-9FB6-4802-90D4-267399D3C76E}"
EndProject
Project("{FAE04EC0-301F-11D3-BF4B-00C04F79EFBC}") = "TestData", "TestData\TestData.csproj", "{41AF1B67-BBF5-48B3-9DFC-7E1249B10A86}"
EndProject
Global
	GlobalSection(SolutionConfigurationPlatforms) = preSolution
		Debug|Any CPU = Debug|Any CPU
		Release|Any CPU = Release|Any CPU
	EndGlobalSection
	GlobalSection(ProjectConfigurationPlatforms) = postSolution
		{2985574C-9BB5-4742-80E9-94DBF3240AF6}.Debug|Any CPU.ActiveCfg = Debug|Any CPU
		{2985574C-9BB5-4742-80E9-94DBF3240AF6}.Debug|Any CPU.Build.0 = Debug|Any CPU
		{2985574C-9BB5-4742-80E9-94DBF3240AF6}.Release|Any CPU.ActiveCfg = Release|Any CPU
		{2985574C-9BB5-4742-80E9-94DBF3240AF6}.Release|Any CPU.Build.0 = Release|Any CPU
		{0B1AFB95-4D80-47A8-A439-2A572EF074D9}.Debug|Any CPU.ActiveCfg = Debug|Any CPU
		{0B1AFB95-4D80-47A8-A439-2A572EF074D9}.Debug|Any CPU.Build.0 = Debug|Any CPU
		{0B1AFB95-4D80-47A8-A439-2A572EF074D9}.Release|Any CPU.ActiveCfg = Release|Any CPU
		{0B1AFB95-4D80-47A8-A439-2A572EF074D9}.Release|Any CPU.Build.0 = Release|Any CPU
		{B5BBE665-9FB6-4802-90D4-267399D3C76E}.Debug|Any CPU.ActiveCfg = Debug|Any CPU
		{B5BBE665-9FB6-4802-90D4-267399D3C76E}.Debug|Any CPU.Build.0 = Debug|Any CPU
		{B5BBE665-9FB6-4802-90D4-267399D3C76E}.Release|Any CPU.ActiveCfg = Release|Any CPU
		{B5BBE665-9FB6-4802-90D4-267399D3C76E}.Release|Any CPU.Build.0 = Release|Any CPU
		{41AF1B67-BBF5-48B3-9DFC-7E1249B10A86}.Debug|Any CPU.ActiveCfg = Debug|Any CPU
		{41AF1B67-BBF5-48B3-9DFC-7E1249B10A86}.Debug|Any CPU.Build.0 = Debug|Any CPU
		{41AF1B67-BBF5-48B3-9DFC-7E1249B10A86}.Release|Any CPU.ActiveCfg = Release|Any CPU
		{41AF1B67-BBF5-48B3-9DFC-7E1249B10A86}.Release|Any CPU.Build.0 = Release|Any CPU
	EndGlobalSection
	GlobalSection(SolutionProperties) = preSolution
		HideSolutionNode = FALSE
	EndGlobalSection
	GlobalSection(ExtensibilityGlobals) = postSolution
		SolutionGuid = {FD8B0C12-E16C-4BC8-8EAC-6376710B63B8}
	EndGlobalSection
	GlobalSection(TeamFoundationVersionControl) = preSolution
		SccNumberOfProjects = 5
		SccEnterpriseProvider = {4CA58AB2-18FA-4F8D-95D4-32DDF27D184C}
		SccTeamFoundationServer = http://tfs.saladsoft.com:8080/tfs/defaultcollection
		SccLocalPath0 = .
		SccProjectUniqueName1 = WebApiJwt-master\\WebApiJwt.csproj
		SccProjectName1 = WebApiJwt-master
		SccLocalPath1 = WebApiJwt-master
		SccProjectUniqueName2 = SAPTest\\SAPTest.csproj
		SccProjectName2 = SAPTest
		SccLocalPath2 = SAPTest
		SccProjectUniqueName3 = ConsoleApp1\\ConsoleApp1.csproj
		SccProjectName3 = ConsoleApp1
		SccLocalPath3 = ConsoleApp1
		SccProjectUniqueName4 = TestData\\TestData.csproj
		SccProjectName4 = TestData
		SccLocalPath4 = TestData
	EndGlobalSection
EndGlobal
